
Microsoft Visual Studio Solution File, Format Version 12.00
# Visual Studio Version 16
VisualStudioVersion = 16.0.31129.286
MinimumVisualStudioVersion = 10.0.40219.1
Project("{FAE04EC0-301F-11D3-BF4B-00C04F79EFBC}") = "TicketX", "TicketX\TicketX.csproj", "{33061CD5-07A8-43BC-89A6-E87B1B551E5C}"
EndProject
Global
	GlobalSection(SolutionConfigurationPlatforms) = preSolution
		Debug|Any CPU = Debug|Any CPU
		Release|Any CPU = Release|Any CPU
	EndGlobalSection
	GlobalSection(ProjectConfigurationPlatforms) = postSolution
		{33061CD5-07A8-43BC-89A6-E87B1B551E5C}.Debug|Any CPU.ActiveCfg = Debug|Any CPU
		{33061CD5-07A8-43BC-89A6-E87B1B551E5C}.Debug|Any CPU.Build.0 = Debug|Any CPU
		{33061CD5-07A8-43BC-89A6-E87B1B551E5C}.Release|Any CPU.ActiveCfg = Release|Any CPU
		{33061CD5-07A8-43BC-89A6-E87B1B551E5C}.Release|Any CPU.Build.0 = Release|Any CPU
	EndGlobalSection
	GlobalSection(SolutionProperties) = preSolution
		HideSolutionNode = FALSE
	EndGlobalSection
	GlobalSection(ExtensibilityGlobals) = postSolution
		SolutionGuid = {54F17D8C-92D8-4679-B19A-A3AEED790F86}
	EndGlobalSection
EndGlobal
